
Microsoft Visual Studio Solution File, Format Version 12.00
# Visual Studio Version 17
VisualStudioVersion = 17.3.32929.385
MinimumVisualStudioVersion = 10.0.40219.1
Project("{FAE04EC0-301F-11D3-BF4B-00C04F79EFBC}") = "Aqua", "Aqua\Aqua.csproj", "{F5E6D693-87F4-42DE-A97A-E31D23FD6C59}"
EndProject
Global
	GlobalSection(SolutionConfigurationPlatforms) = preSolution
		Debug|Any CPU = Debug|Any CPU
		Release|Any CPU = Release|Any CPU
	EndGlobalSection
	GlobalSection(ProjectConfigurationPlatforms) = postSolution
		{F5E6D693-87F4-42DE-A97A-E31D23FD6C59}.Debug|Any CPU.ActiveCfg = Debug|Any CPU
		{F5E6D693-87F4-42DE-A97A-E31D23FD6C59}.Debug|Any CPU.Build.0 = Debug|Any CPU
		{F5E6D693-87F4-42DE-A97A-E31D23FD6C59}.Release|Any CPU.ActiveCfg = Release|Any CPU
		{F5E6D693-87F4-42DE-A97A-E31D23FD6C59}.Release|Any CPU.Build.0 = Release|Any CPU
	EndGlobalSection
	GlobalSection(SolutionProperties) = preSolution
		HideSolutionNode = FALSE
	EndGlobalSection
	GlobalSection(ExtensibilityGlobals) = postSolution
		SolutionGuid = {7EB25623-0238-451F-8E9A-7608E0394179}
	EndGlobalSection
EndGlobal
